
Microsoft Visual Studio Solution File, Format Version 12.00
# Visual Studio Version 17
VisualStudioVersion = 17.0.31903.59
MinimumVisualStudioVersion = 10.0.40219.1
Project("{2150E333-8FDC-42A3-9474-1A3956D46DE8}") = "Domain", "Domain", "{1A2B3C4D-5E6F-7A8B-9C0D-1E2F3A4B5C6D}"
EndProject
Project("{2150E333-8FDC-42A3-9474-1A3956D46DE8}") = "Application", "Application", "{2B3C4D5E-6F7A-8B9C-0D1E-2F3A4B5C6D7E}"
EndProject
Project("{2150E333-8FDC-42A3-9474-1A3956D46DE8}") = "Infrastructure", "Infrastructure", "{3C4D5E6F-7A8B-9C0D-1E2F-3A4B5C6D7E8F}"
EndProject
Project("{2150E333-8FDC-42A3-9474-1A3956D46DE8}") = "Presentation", "Presentation", "{4D5E6F7A-8B9C-0D1E-2F3A-4B5C6D7E8F9A}"
EndProject
Project("{FAE04EC0-301F-11D3-BF4B-00C04F79EFBC}") = "PeopleConnect.Domain", "Domain\PeopleConnect.Domain\PeopleConnect.Domain.csproj", "{5E6F7A8B-9C0D-1E2F-3A4B-5C6D7E8F9A0B}"
EndProject
Project("{FAE04EC0-301F-11D3-BF4B-00C04F79EFBC}") = "PeopleConnect.Domain.Tests", "Domain\PeopleConnect.Domain.Tests\PeopleConnect.Domain.Tests.csproj", "{9C0D1E2F-3A4B-5C6D-7E8F-9A0B1C2D3E4F}"
EndProject
Project("{FAE04EC0-301F-11D3-BF4B-00C04F79EFBC}") = "PeopleConnect.Application", "Application\PeopleConnect.Application\PeopleConnect.Application.csproj", "{6F7A8B9C-0D1E-2F3A-4B5C-6D7E8F9A0B1C}"
EndProject
Project("{FAE04EC0-301F-11D3-BF4B-00C04F79EFBC}") = "PeopleConnect.Application.Tests", "Application\PeopleConnect.Application.Tests\PeopleConnect.Application.Tests.csproj", "{0D1E2F3A-4B5C-6D7E-8F9A-0B1C2D3E4F5A}"
EndProject
Project("{FAE04EC0-301F-11D3-BF4B-00C04F79EFBC}") = "PeopleConnect.Infrastructure", "Infrastructure\PeopleConnect.Infrastructure\PeopleConnect.Infrastructure.csproj", "{7A8B9C0D-1E2F-3A4B-5C6D-7E8F9A0B1C2D}"
EndProject
Project("{FAE04EC0-301F-11D3-BF4B-00C04F79EFBC}") = "PeopleConnect.Infrastructure.Tests", "Infrastructure\PeopleConnect.Infrastructure.Tests\PeopleConnect.Infrastructure.Tests.csproj", "{1E2F3A4B-5C6D-7E8F-9A0B-1C2D3E4F5A6B}"
EndProject
Project("{FAE04EC0-301F-11D3-BF4B-00C04F79EFBC}") = "PeopleConnect.Api", "Presentation\PeopleConnect.Api\PeopleConnect.Api.csproj", "{8B9C0D1E-2F3A-4B5C-6D7E-8F9A0B1C2D3E}"
EndProject
Project("{2150E333-8FDC-42A3-9474-1A3956D46DE8}") = "Tests", "Tests", "{0AB3BF05-4346-4AA6-1389-037BE0695223}"
EndProject
Project("{FAE04EC0-301F-11D3-BF4B-00C04F79EFBC}") = "PeopleConnect.IntegrationTests", "Tests\PeopleConnect.IntegrationTests\PeopleConnect.IntegrationTests.csproj", "{97033DF4-0897-4186-9B09-43C4F6424C93}"
EndProject
Global
	GlobalSection(SolutionConfigurationPlatforms) = preSolution
		Debug|Any CPU = Debug|Any CPU
		Debug|x64 = Debug|x64
		Debug|x86 = Debug|x86
		Release|Any CPU = Release|Any CPU
		Release|x64 = Release|x64
		Release|x86 = Release|x86
	EndGlobalSection
	GlobalSection(ProjectConfigurationPlatforms) = postSolution
		{5E6F7A8B-9C0D-1E2F-3A4B-5C6D7E8F9A0B}.Debug|Any CPU.ActiveCfg = Debug|Any CPU
		{5E6F7A8B-9C0D-1E2F-3A4B-5C6D7E8F9A0B}.Debug|Any CPU.Build.0 = Debug|Any CPU
		{5E6F7A8B-9C0D-1E2F-3A4B-5C6D7E8F9A0B}.Debug|x64.ActiveCfg = Debug|Any CPU
		{5E6F7A8B-9C0D-1E2F-3A4B-5C6D7E8F9A0B}.Debug|x64.Build.0 = Debug|Any CPU
		{5E6F7A8B-9C0D-1E2F-3A4B-5C6D7E8F9A0B}.Debug|x86.ActiveCfg = Debug|Any CPU
		{5E6F7A8B-9C0D-1E2F-3A4B-5C6D7E8F9A0B}.Debug|x86.Build.0 = Debug|Any CPU
		{5E6F7A8B-9C0D-1E2F-3A4B-5C6D7E8F9A0B}.Release|Any CPU.ActiveCfg = Release|Any CPU
		{5E6F7A8B-9C0D-1E2F-3A4B-5C6D7E8F9A0B}.Release|Any CPU.Build.0 = Release|Any CPU
		{5E6F7A8B-9C0D-1E2F-3A4B-5C6D7E8F9A0B}.Release|x64.ActiveCfg = Release|Any CPU
		{5E6F7A8B-9C0D-1E2F-3A4B-5C6D7E8F9A0B}.Release|x64.Build.0 = Release|Any CPU
		{5E6F7A8B-9C0D-1E2F-3A4B-5C6D7E8F9A0B}.Release|x86.ActiveCfg = Release|Any CPU
		{5E6F7A8B-9C0D-1E2F-3A4B-5C6D7E8F9A0B}.Release|x86.Build.0 = Release|Any CPU
		{9C0D1E2F-3A4B-5C6D-7E8F-9A0B1C2D3E4F}.Debug|Any CPU.ActiveCfg = Debug|Any CPU
		{9C0D1E2F-3A4B-5C6D-7E8F-9A0B1C2D3E4F}.Debug|Any CPU.Build.0 = Debug|Any CPU
		{9C0D1E2F-3A4B-5C6D-7E8F-9A0B1C2D3E4F}.Debug|x64.ActiveCfg = Debug|Any CPU
		{9C0D1E2F-3A4B-5C6D-7E8F-9A0B1C2D3E4F}.Debug|x64.Build.0 = Debug|Any CPU
		{9C0D1E2F-3A4B-5C6D-7E8F-9A0B1C2D3E4F}.Debug|x86.ActiveCfg = Debug|Any CPU
		{9C0D1E2F-3A4B-5C6D-7E8F-9A0B1C2D3E4F}.Debug|x86.Build.0 = Debug|Any CPU
		{9C0D1E2F-3A4B-5C6D-7E8F-9A0B1C2D3E4F}.Release|Any CPU.ActiveCfg = Release|Any CPU
		{9C0D1E2F-3A4B-5C6D-7E8F-9A0B1C2D3E4F}.Release|Any CPU.Build.0 = Release|Any CPU
		{9C0D1E2F-3A4B-5C6D-7E8F-9A0B1C2D3E4F}.Release|x64.ActiveCfg = Release|Any CPU
		{9C0D1E2F-3A4B-5C6D-7E8F-9A0B1C2D3E4F}.Release|x64.Build.0 = Release|Any CPU
		{9C0D1E2F-3A4B-5C6D-7E8F-9A0B1C2D3E4F}.Release|x86.ActiveCfg = Release|Any CPU
		{9C0D1E2F-3A4B-5C6D-7E8F-9A0B1C2D3E4F}.Release|x86.Build.0 = Release|Any CPU
		{6F7A8B9C-0D1E-2F3A-4B5C-6D7E8F9A0B1C}.Debug|Any CPU.ActiveCfg = Debug|Any CPU
		{6F7A8B9C-0D1E-2F3A-4B5C-6D7E8F9A0B1C}.Debug|Any CPU.Build.0 = Debug|Any CPU
		{6F7A8B9C-0D1E-2F3A-4B5C-6D7E8F9A0B1C}.Debug|x64.ActiveCfg = Debug|Any CPU
		{6F7A8B9C-0D1E-2F3A-4B5C-6D7E8F9A0B1C}.Debug|x64.Build.0 = Debug|Any CPU
		{6F7A8B9C-0D1E-2F3A-4B5C-6D7E8F9A0B1C}.Debug|x86.ActiveCfg = Debug|Any CPU
		{6F7A8B9C-0D1E-2F3A-4B5C-6D7E8F9A0B1C}.Debug|x86.Build.0 = Debug|Any CPU
		{6F7A8B9C-0D1E-2F3A-4B5C-6D7E8F9A0B1C}.Release|Any CPU.ActiveCfg = Release|Any CPU
		{6F7A8B9C-0D1E-2F3A-4B5C-6D7E8F9A0B1C}.Release|Any CPU.Build.0 = Release|Any CPU
		{6F7A8B9C-0D1E-2F3A-4B5C-6D7E8F9A0B1C}.Release|x64.ActiveCfg = Release|Any CPU
		{6F7A8B9C-0D1E-2F3A-4B5C-6D7E8F9A0B1C}.Release|x64.Build.0 = Release|Any CPU
		{6F7A8B9C-0D1E-2F3A-4B5C-6D7E8F9A0B1C}.Release|x86.ActiveCfg = Release|Any CPU
		{6F7A8B9C-0D1E-2F3A-4B5C-6D7E8F9A0B1C}.Release|x86.Build.0 = Release|Any CPU
		{0D1E2F3A-4B5C-6D7E-8F9A-0B1C2D3E4F5A}.Debug|Any CPU.ActiveCfg = Debug|Any CPU
		{0D1E2F3A-4B5C-6D7E-8F9A-0B1C2D3E4F5A}.Debug|Any CPU.Build.0 = Debug|Any CPU
		{0D1E2F3A-4B5C-6D7E-8F9A-0B1C2D3E4F5A}.Debug|x64.ActiveCfg = Debug|Any CPU
		{0D1E2F3A-4B5C-6D7E-8F9A-0B1C2D3E4F5A}.Debug|x64.Build.0 = Debug|Any CPU
		{0D1E2F3A-4B5C-6D7E-8F9A-0B1C2D3E4F5A}.Debug|x86.ActiveCfg = Debug|Any CPU
		{0D1E2F3A-4B5C-6D7E-8F9A-0B1C2D3E4F5A}.Debug|x86.Build.0 = Debug|Any CPU
		{0D1E2F3A-4B5C-6D7E-8F9A-0B1C2D3E4F5A}.Release|Any CPU.ActiveCfg = Release|Any CPU
		{0D1E2F3A-4B5C-6D7E-8F9A-0B1C2D3E4F5A}.Release|Any CPU.Build.0 = Release|Any CPU
		{0D1E2F3A-4B5C-6D7E-8F9A-0B1C2D3E4F5A}.Release|x64.ActiveCfg = Release|Any CPU
		{0D1E2F3A-4B5C-6D7E-8F9A-0B1C2D3E4F5A}.Release|x64.Build.0 = Release|Any CPU
		{0D1E2F3A-4B5C-6D7E-8F9A-0B1C2D3E4F5A}.Release|x86.ActiveCfg = Release|Any CPU
		{0D1E2F3A-4B5C-6D7E-8F9A-0B1C2D3E4F5A}.Release|x86.Build.0 = Release|Any CPU
		{7A8B9C0D-1E2F-3A4B-5C6D-7E8F9A0B1C2D}.Debug|Any CPU.ActiveCfg = Debug|Any CPU
		{7A8B9C0D-1E2F-3A4B-5C6D-7E8F9A0B1C2D}.Debug|Any CPU.Build.0 = Debug|Any CPU
		{7A8B9C0D-1E2F-3A4B-5C6D-7E8F9A0B1C2D}.Debug|x64.ActiveCfg = Debug|Any CPU
		{7A8B9C0D-1E2F-3A4B-5C6D-7E8F9A0B1C2D}.Debug|x64.Build.0 = Debug|Any CPU
		{7A8B9C0D-1E2F-3A4B-5C6D-7E8F9A0B1C2D}.Debug|x86.ActiveCfg = Debug|Any CPU
		{7A8B9C0D-1E2F-3A4B-5C6D-7E8F9A0B1C2D}.Debug|x86.Build.0 = Debug|Any CPU
		{7A8B9C0D-1E2F-3A4B-5C6D-7E8F9A0B1C2D}.Release|Any CPU.ActiveCfg = Release|Any CPU
		{7A8B9C0D-1E2F-3A4B-5C6D-7E8F9A0B1C2D}.Release|Any CPU.Build.0 = Release|Any CPU
		{7A8B9C0D-1E2F-3A4B-5C6D-7E8F9A0B1C2D}.Release|x64.ActiveCfg = Release|Any CPU
		{7A8B9C0D-1E2F-3A4B-5C6D-7E8F9A0B1C2D}.Release|x64.Build.0 = Release|Any CPU
		{7A8B9C0D-1E2F-3A4B-5C6D-7E8F9A0B1C2D}.Release|x86.ActiveCfg = Release|Any CPU
		{7A8B9C0D-1E2F-3A4B-5C6D-7E8F9A0B1C2D}.Release|x86.Build.0 = Release|Any CPU
		{1E2F3A4B-5C6D-7E8F-9A0B-1C2D3E4F5A6B}.Debug|Any CPU.ActiveCfg = Debug|Any CPU
		{1E2F3A4B-5C6D-7E8F-9A0B-1C2D3E4F5A6B}.Debug|Any CPU.Build.0 = Debug|Any CPU
		{1E2F3A4B-5C6D-7E8F-9A0B-1C2D3E4F5A6B}.Debug|x64.ActiveCfg = Debug|Any CPU
		{1E2F3A4B-5C6D-7E8F-9A0B-1C2D3E4F5A6B}.Debug|x64.Build.0 = Debug|Any CPU
		{1E2F3A4B-5C6D-7E8F-9A0B-1C2D3E4F5A6B}.Debug|x86.ActiveCfg = Debug|Any CPU
		{1E2F3A4B-5C6D-7E8F-9A0B-1C2D3E4F5A6B}.Debug|x86.Build.0 = Debug|Any CPU
		{1E2F3A4B-5C6D-7E8F-9A0B-1C2D3E4F5A6B}.Release|Any CPU.ActiveCfg = Release|Any CPU
		{1E2F3A4B-5C6D-7E8F-9A0B-1C2D3E4F5A6B}.Release|Any CPU.Build.0 = Release|Any CPU
		{1E2F3A4B-5C6D-7E8F-9A0B-1C2D3E4F5A6B}.Release|x64.ActiveCfg = Release|Any CPU
		{1E2F3A4B-5C6D-7E8F-9A0B-1C2D3E4F5A6B}.Release|x64.Build.0 = Release|Any CPU
		{1E2F3A4B-5C6D-7E8F-9A0B-1C2D3E4F5A6B}.Release|x86.ActiveCfg = Release|Any CPU
		{1E2F3A4B-5C6D-7E8F-9A0B-1C2D3E4F5A6B}.Release|x86.Build.0 = Release|Any CPU
		{8B9C0D1E-2F3A-4B5C-6D7E-8F9A0B1C2D3E}.Debug|Any CPU.ActiveCfg = Debug|Any CPU
		{8B9C0D1E-2F3A-4B5C-6D7E-8F9A0B1C2D3E}.Debug|Any CPU.Build.0 = Debug|Any CPU
		{8B9C0D1E-2F3A-4B5C-6D7E-8F9A0B1C2D3E}.Debug|x64.ActiveCfg = Debug|Any CPU
		{8B9C0D1E-2F3A-4B5C-6D7E-8F9A0B1C2D3E}.Debug|x64.Build.0 = Debug|Any CPU
		{8B9C0D1E-2F3A-4B5C-6D7E-8F9A0B1C2D3E}.Debug|x86.ActiveCfg = Debug|Any CPU
		{8B9C0D1E-2F3A-4B5C-6D7E-8F9A0B1C2D3E}.Debug|x86.Build.0 = Debug|Any CPU
		{8B9C0D1E-2F3A-4B5C-6D7E-8F9A0B1C2D3E}.Release|Any CPU.ActiveCfg = Release|Any CPU
		{8B9C0D1E-2F3A-4B5C-6D7E-8F9A0B1C2D3E}.Release|Any CPU.Build.0 = Release|Any CPU
		{8B9C0D1E-2F3A-4B5C-6D7E-8F9A0B1C2D3E}.Release|x64.ActiveCfg = Release|Any CPU
		{8B9C0D1E-2F3A-4B5C-6D7E-8F9A0B1C2D3E}.Release|x64.Build.0 = Release|Any CPU
		{8B9C0D1E-2F3A-4B5C-6D7E-8F9A0B1C2D3E}.Release|x86.ActiveCfg = Release|Any CPU
		{8B9C0D1E-2F3A-4B5C-6D7E-8F9A0B1C2D3E}.Release|x86.Build.0 = Release|Any CPU
		{97033DF4-0897-4186-9B09-43C4F6424C93}.Debug|Any CPU.ActiveCfg = Debug|Any CPU
		{97033DF4-0897-4186-9B09-43C4F6424C93}.Debug|Any CPU.Build.0 = Debug|Any CPU
		{97033DF4-0897-4186-9B09-43C4F6424C93}.Debug|x64.ActiveCfg = Debug|Any CPU
		{97033DF4-0897-4186-9B09-43C4F6424C93}.Debug|x64.Build.0 = Debug|Any CPU
		{97033DF4-0897-4186-9B09-43C4F6424C93}.Debug|x86.ActiveCfg = Debug|Any CPU
		{97033DF4-0897-4186-9B09-43C4F6424C93}.Debug|x86.Build.0 = Debug|Any CPU
		{97033DF4-0897-4186-9B09-43C4F6424C93}.Release|Any CPU.ActiveCfg = Release|Any CPU
		{97033DF4-0897-4186-9B09-43C4F6424C93}.Release|Any CPU.Build.0 = Release|Any CPU
		{97033DF4-0897-4186-9B09-43C4F6424C93}.Release|x64.ActiveCfg = Release|Any CPU
		{97033DF4-0897-4186-9B09-43C4F6424C93}.Release|x64.Build.0 = Release|Any CPU
		{97033DF4-0897-4186-9B09-43C4F6424C93}.Release|x86.ActiveCfg = Release|Any CPU
		{97033DF4-0897-4186-9B09-43C4F6424C93}.Release|x86.Build.0 = Release|Any CPU
	EndGlobalSection
	GlobalSection(SolutionProperties) = preSolution
		HideSolutionNode = FALSE
	EndGlobalSection
	GlobalSection(NestedProjects) = preSolution
		{5E6F7A8B-9C0D-1E2F-3A4B-5C6D7E8F9A0B} = {1A2B3C4D-5E6F-7A8B-9C0D-1E2F3A4B5C6D}
		{9C0D1E2F-3A4B-5C6D-7E8F-9A0B1C2D3E4F} = {1A2B3C4D-5E6F-7A8B-9C0D-1E2F3A4B5C6D}
		{6F7A8B9C-0D1E-2F3A-4B5C-6D7E8F9A0B1C} = {2B3C4D5E-6F7A-8B9C-0D1E-2F3A4B5C6D7E}
		{0D1E2F3A-4B5C-6D7E-8F9A-0B1C2D3E4F5A} = {2B3C4D5E-6F7A-8B9C-0D1E-2F3A4B5C6D7E}
		{7A8B9C0D-1E2F-3A4B-5C6D-7E8F9A0B1C2D} = {3C4D5E6F-7A8B-9C0D-1E2F-3A4B5C6D7E8F}
		{1E2F3A4B-5C6D-7E8F-9A0B-1C2D3E4F5A6B} = {3C4D5E6F-7A8B-9C0D-1E2F-3A4B5C6D7E8F}
		{8B9C0D1E-2F3A-4B5C-6D7E-8F9A0B1C2D3E} = {4D5E6F7A-8B9C-0D1E-2F3A-4B5C6D7E8F9A}
		{97033DF4-0897-4186-9B09-43C4F6424C93} = {0AB3BF05-4346-4AA6-1389-037BE0695223}
	EndGlobalSection
EndGlobal
